
Microsoft Visual Studio Solution File, Format Version 12.00
# Visual Studio Version 16
VisualStudioVersion = 16.0.31702.278
MinimumVisualStudioVersion = 10.0.40219.1
Project("{FAE04EC0-301F-11D3-BF4B-00C04F79EFBC}") = "J1", "J1\J1.csproj", "{E27FDAEC-8A5F-4AF6-8F25-6AB6AC3D5251}"
EndProject
Project("{FAE04EC0-301F-11D3-BF4B-00C04F79EFBC}") = "J2", "J2\J2.csproj", "{557881F3-96C6-416E-B35D-442DA23D41B8}"
EndProject
Project("{FAE04EC0-301F-11D3-BF4B-00C04F79EFBC}") = "J3", "J3\J3.csproj", "{B39AF884-5944-4FCB-91E9-458CA0DD0B81}"
EndProject
Project("{FAE04EC0-301F-11D3-BF4B-00C04F79EFBC}") = "J4", "J4\J4.csproj", "{3AF5FF4B-9921-4509-BFE8-66F07D2E8D84}"
EndProject
Project("{FAE04EC0-301F-11D3-BF4B-00C04F79EFBC}") = "J5", "J5\J5.csproj", "{0534040D-C60D-48CF-AFB3-C5AD2FA67433}"
EndProject
Project("{FAE04EC0-301F-11D3-BF4B-00C04F79EFBC}") = "J6", "J6\J6.csproj", "{02D8A88C-3448-47AF-AEEB-B7802F41D8AF}"
EndProject
Project("{FAE04EC0-301F-11D3-BF4B-00C04F79EFBC}") = "J7", "J7\J7.csproj", "{BBAED293-10D3-4D73-8458-48DEA59969B2}"
EndProject
Project("{FAE04EC0-301F-11D3-BF4B-00C04F79EFBC}") = "J8", "J8\J8.csproj", "{44BE617D-910F-4FE5-A835-8042F5550D11}"
EndProject
Project("{FAE04EC0-301F-11D3-BF4B-00C04F79EFBC}") = "J9", "J9\J9.csproj", "{B6CFF862-946F-4DA9-8126-AB4162FE56FC}"
EndProject
Project("{FAE04EC0-301F-11D3-BF4B-00C04F79EFBC}") = "J10", "J10\J10.csproj", "{7ECBF955-282A-451C-8DD5-48DA1A26B4B5}"
EndProject
Project("{FAE04EC0-301F-11D3-BF4B-00C04F79EFBC}") = "J11", "J11\J11.csproj", "{F8E00D7C-C5F7-4BC8-948A-6863EC58D7CF}"
EndProject
Project("{FAE04EC0-301F-11D3-BF4B-00C04F79EFBC}") = "J12", "J12\J12.csproj", "{2344DF3B-AC48-4BC6-9D02-C524AD23093D}"
EndProject
Project("{FAE04EC0-301F-11D3-BF4B-00C04F79EFBC}") = "J13", "J13\J13.csproj", "{C909DA30-4839-4FAD-8E55-66BEEA03EB6C}"
EndProject
Project("{FAE04EC0-301F-11D3-BF4B-00C04F79EFBC}") = "J14", "J14\J14.csproj", "{00619507-EC56-4E96-8F48-D1F392BCE743}"
EndProject
Global
	GlobalSection(SolutionConfigurationPlatforms) = preSolution
		Debug|Any CPU = Debug|Any CPU
		Release|Any CPU = Release|Any CPU
	EndGlobalSection
	GlobalSection(ProjectConfigurationPlatforms) = postSolution
		{E27FDAEC-8A5F-4AF6-8F25-6AB6AC3D5251}.Debug|Any CPU.ActiveCfg = Debug|Any CPU
		{E27FDAEC-8A5F-4AF6-8F25-6AB6AC3D5251}.Debug|Any CPU.Build.0 = Debug|Any CPU
		{E27FDAEC-8A5F-4AF6-8F25-6AB6AC3D5251}.Release|Any CPU.ActiveCfg = Release|Any CPU
		{E27FDAEC-8A5F-4AF6-8F25-6AB6AC3D5251}.Release|Any CPU.Build.0 = Release|Any CPU
		{557881F3-96C6-416E-B35D-442DA23D41B8}.Debug|Any CPU.ActiveCfg = Debug|Any CPU
		{557881F3-96C6-416E-B35D-442DA23D41B8}.Debug|Any CPU.Build.0 = Debug|Any CPU
		{557881F3-96C6-416E-B35D-442DA23D41B8}.Release|Any CPU.ActiveCfg = Release|Any CPU
		{557881F3-96C6-416E-B35D-442DA23D41B8}.Release|Any CPU.Build.0 = Release|Any CPU
		{B39AF884-5944-4FCB-91E9-458CA0DD0B81}.Debug|Any CPU.ActiveCfg = Debug|Any CPU
		{B39AF884-5944-4FCB-91E9-458CA0DD0B81}.Debug|Any CPU.Build.0 = Debug|Any CPU
		{B39AF884-5944-4FCB-91E9-458CA0DD0B81}.Release|Any CPU.ActiveCfg = Release|Any CPU
		{B39AF884-5944-4FCB-91E9-458CA0DD0B81}.Release|Any CPU.Build.0 = Release|Any CPU
		{3AF5FF4B-9921-4509-BFE8-66F07D2E8D84}.Debug|Any CPU.ActiveCfg = Debug|Any CPU
		{3AF5FF4B-9921-4509-BFE8-66F07D2E8D84}.Debug|Any CPU.Build.0 = Debug|Any CPU
		{3AF5FF4B-9921-4509-BFE8-66F07D2E8D84}.Release|Any CPU.ActiveCfg = Release|Any CPU
		{3AF5FF4B-9921-4509-BFE8-66F07D2E8D84}.Release|Any CPU.Build.0 = Release|Any CPU
		{0534040D-C60D-48CF-AFB3-C5AD2FA67433}.Debug|Any CPU.ActiveCfg = Debug|Any CPU
		{0534040D-C60D-48CF-AFB3-C5AD2FA67433}.Debug|Any CPU.Build.0 = Debug|Any CPU
		{0534040D-C60D-48CF-AFB3-C5AD2FA67433}.Release|Any CPU.ActiveCfg = Release|Any CPU
		{0534040D-C60D-48CF-AFB3-C5AD2FA67433}.Release|Any CPU.Build.0 = Release|Any CPU
		{02D8A88C-3448-47AF-AEEB-B7802F41D8AF}.Debug|Any CPU.ActiveCfg = Debug|Any CPU
		{02D8A88C-3448-47AF-AEEB-B7802F41D8AF}.Debug|Any CPU.Build.0 = Debug|Any CPU
		{02D8A88C-3448-47AF-AEEB-B7802F41D8AF}.Release|Any CPU.ActiveCfg = Release|Any CPU
		{02D8A88C-3448-47AF-AEEB-B7802F41D8AF}.Release|Any CPU.Build.0 = Release|Any CPU
		{BBAED293-10D3-4D73-8458-48DEA59969B2}.Debug|Any CPU.ActiveCfg = Debug|Any CPU
		{BBAED293-10D3-4D73-8458-48DEA59969B2}.Debug|Any CPU.Build.0 = Debug|Any CPU
		{BBAED293-10D3-4D73-8458-48DEA59969B2}.Release|Any CPU.ActiveCfg = Release|Any CPU
		{BBAED293-10D3-4D73-8458-48DEA59969B2}.Release|Any CPU.Build.0 = Release|Any CPU
		{44BE617D-910F-4FE5-A835-8042F5550D11}.Debug|Any CPU.ActiveCfg = Debug|Any CPU
		{44BE617D-910F-4FE5-A835-8042F5550D11}.Debug|Any CPU.Build.0 = Debug|Any CPU
		{44BE617D-910F-4FE5-A835-8042F5550D11}.Release|Any CPU.ActiveCfg = Release|Any CPU
		{44BE617D-910F-4FE5-A835-8042F5550D11}.Release|Any CPU.Build.0 = Release|Any CPU
		{B6CFF862-946F-4DA9-8126-AB4162FE56FC}.Debug|Any CPU.ActiveCfg = Debug|Any CPU
		{B6CFF862-946F-4DA9-8126-AB4162FE56FC}.Debug|Any CPU.Build.0 = Debug|Any CPU
		{B6CFF862-946F-4DA9-8126-AB4162FE56FC}.Release|Any CPU.ActiveCfg = Release|Any CPU
		{B6CFF862-946F-4DA9-8126-AB4162FE56FC}.Release|Any CPU.Build.0 = Release|Any CPU
		{7ECBF955-282A-451C-8DD5-48DA1A26B4B5}.Debug|Any CPU.ActiveCfg = Debug|Any CPU
		{7ECBF955-282A-451C-8DD5-48DA1A26B4B5}.Debug|Any CPU.Build.0 = Debug|Any CPU
		{7ECBF955-282A-451C-8DD5-48DA1A26B4B5}.Release|Any CPU.ActiveCfg = Release|Any CPU
		{7ECBF955-282A-451C-8DD5-48DA1A26B4B5}.Release|Any CPU.Build.0 = Release|Any CPU
		{F8E00D7C-C5F7-4BC8-948A-6863EC58D7CF}.Debug|Any CPU.ActiveCfg = Debug|Any CPU
		{F8E00D7C-C5F7-4BC8-948A-6863EC58D7CF}.Debug|Any CPU.Build.0 = Debug|Any CPU
		{F8E00D7C-C5F7-4BC8-948A-6863EC58D7CF}.Release|Any CPU.ActiveCfg = Release|Any CPU
		{F8E00D7C-C5F7-4BC8-948A-6863EC58D7CF}.Release|Any CPU.Build.0 = Release|Any CPU
		{2344DF3B-AC48-4BC6-9D02-C524AD23093D}.Debug|Any CPU.ActiveCfg = Debug|Any CPU
		{2344DF3B-AC48-4BC6-9D02-C524AD23093D}.Debug|Any CPU.Build.0 = Debug|Any CPU
		{2344DF3B-AC48-4BC6-9D02-C524AD23093D}.Release|Any CPU.ActiveCfg = Release|Any CPU
		{2344DF3B-AC48-4BC6-9D02-C524AD23093D}.Release|Any CPU.Build.0 = Release|Any CPU
		{C909DA30-4839-4FAD-8E55-66BEEA03EB6C}.Debug|Any CPU.ActiveCfg = Debug|Any CPU
		{C909DA30-4839-4FAD-8E55-66BEEA03EB6C}.Debug|Any CPU.Build.0 = Debug|Any CPU
		{C909DA30-4839-4FAD-8E55-66BEEA03EB6C}.Release|Any CPU.ActiveCfg = Release|Any CPU
		{C909DA30-4839-4FAD-8E55-66BEEA03EB6C}.Release|Any CPU.Build.0 = Release|Any CPU
		{00619507-EC56-4E96-8F48-D1F392BCE743}.Debug|Any CPU.ActiveCfg = Debug|Any CPU
		{00619507-EC56-4E96-8F48-D1F392BCE743}.Debug|Any CPU.Build.0 = Debug|Any CPU
		{00619507-EC56-4E96-8F48-D1F392BCE743}.Release|Any CPU.ActiveCfg = Release|Any CPU
		{00619507-EC56-4E96-8F48-D1F392BCE743}.Release|Any CPU.Build.0 = Release|Any CPU
	EndGlobalSection
	GlobalSection(SolutionProperties) = preSolution
		HideSolutionNode = FALSE
	EndGlobalSection
	GlobalSection(ExtensibilityGlobals) = postSolution
		SolutionGuid = {62060691-8253-413B-951F-9DD3BBAC97F9}
	EndGlobalSection
EndGlobal
