
Microsoft Visual Studio Solution File, Format Version 12.00
# Visual Studio Version 16
VisualStudioVersion = 16.0.31702.278
MinimumVisualStudioVersion = 10.0.40219.1
Project("{FAE04EC0-301F-11D3-BF4B-00C04F79EFBC}") = "J1", "J1\J1.csproj", "{E27FDAEC-8A5F-4AF6-8F25-6AB6AC3D5251}"
EndProject
Project("{FAE04EC0-301F-11D3-BF4B-00C04F79EFBC}") = "J2", "J2\J2.csproj", "{557881F3-96C6-416E-B35D-442DA23D41B8}"
EndProject
Project("{FAE04EC0-301F-11D3-BF4B-00C04F79EFBC}") = "J3", "J3\J3.csproj", "{B39AF884-5944-4FCB-91E9-458CA0DD0B81}"
EndProject
Project("{FAE04EC0-301F-11D3-BF4B-00C04F79EFBC}") = "J4", "J4\J4.csproj", "{3AF5FF4B-9921-4509-BFE8-66F07D2E8D84}"
EndProject
Project("{FAE04EC0-301F-11D3-BF4B-00C04F79EFBC}") = "J5", "J5\J5.csproj", "{0534040D-C60D-48CF-AFB3-C5AD2FA67433}"
EndProject
Project("{FAE04EC0-301F-11D3-BF4B-00C04F79EFBC}") = "J6", "J6\J6.csproj", "{02D8A88C-3448-47AF-AEEB-B7802F41D8AF}"
EndProject
Project("{FAE04EC0-301F-11D3-BF4B-00C04F79EFBC}") = "J7", "J7\J7.csproj", "{BBAED293-10D3-4D73-8458-48DEA59969B2}"
EndProject
Project("{FAE04EC0-301F-11D3-BF4B-00C04F79EFBC}") = "J8", "J8\J8.csproj", "{44BE617D-910F-4FE5-A835-8042F5550D11}"
EndProject
Project("{FAE04EC0-301F-11D3-BF4B-00C04F79EFBC}") = "J9", "J9\J9.csproj", "{B6CFF862-946F-4DA9-8126-AB4162FE56FC}"
EndProject
Project("{FAE04EC0-301F-11D3-BF4B-00C04F79EFBC}") = "J10", "J10\J10.csproj", "{7ECBF955-282A-451C-8DD5-48DA1A26B4B5}"
EndProject
Project("{FAE04EC0-301F-11D3-BF4B-00C04F79EFBC}") = "J11", "J11\J11.csproj", "{F8E00D7C-C5F7-4BC8-948A-6863EC58D7CF}"
EndProject
Project("{FAE04EC0-301F-11D3-BF4B-00C04F79EFBC}") = "J12", "J12\J12.csproj", "{2344DF3B-AC48-4BC6-9D02-C524AD23093D}"
EndProject
Project("{FAE04EC0-301F-11D3-BF4B-00C04F79EFBC}") = "J13", "J13\J13.csproj", "{C909DA30-4839-4FAD-8E55-66BEEA03EB6C}"
EndProject
Project("{FAE04EC0-301F-11D3-BF4B-00C04F79EFBC}") = "J14", "J14\J14.csproj", "{00619507-EC56-4E96-8F48-D1F392BCE743}"
EndProject
Project("{FAE04EC0-301F-11D3-BF4B-00C04F79EFBC}") = "J15", "J15\J15.csproj", "{2DB93E7F-B551-41D9-9672-29E33F044410}"
EndProject
Project("{FAE04EC0-301F-11D3-BF4B-00C04F79EFBC}") = "J16", "J16\J16.csproj", "{160A34A9-AEA2-4DB7-9E37-AB7AACC99F1F}"
EndProject
Project("{FAE04EC0-301F-11D3-BF4B-00C04F79EFBC}") = "J17", "J17\J17.csproj", "{16DE742D-510A-4175-AEE3-FCA8ACDCD136}"
EndProject
Project("{FAE04EC0-301F-11D3-BF4B-00C04F79EFBC}") = "J18", "J18\J18.csproj", "{29CBE30F-245F-4D89-88E8-81E6BB74EB2F}"
EndProject
Project("{FAE04EC0-301F-11D3-BF4B-00C04F79EFBC}") = "J19", "J19\J19.csproj", "{FA1028CE-4ED9-4E17-A7EB-F09CFE1BDD48}"
EndProject
Project("{FAE04EC0-301F-11D3-BF4B-00C04F79EFBC}") = "J20", "J20\J20.csproj", "{8FB62391-F50E-49C8-B876-1E24D795C8EC}"
EndProject
Project("{FAE04EC0-301F-11D3-BF4B-00C04F79EFBC}") = "J21", "J21\J21.csproj", "{8C1EA4AB-D167-4B16-B00C-240297CBFE3E}"
EndProject
Project("{FAE04EC0-301F-11D3-BF4B-00C04F79EFBC}") = "J22", "J22\J22.csproj", "{DEA39AA6-EF3C-4580-8003-29D3CCD03DF1}"
EndProject
Project("{FAE04EC0-301F-11D3-BF4B-00C04F79EFBC}") = "J23", "J23\J23.csproj", "{3258AF60-4129-4EA2-9F21-4A9DDAD5E71E}"
EndProject
Global
	GlobalSection(SolutionConfigurationPlatforms) = preSolution
		Debug|Any CPU = Debug|Any CPU
		Release|Any CPU = Release|Any CPU
	EndGlobalSection
	GlobalSection(ProjectConfigurationPlatforms) = postSolution
		{E27FDAEC-8A5F-4AF6-8F25-6AB6AC3D5251}.Debug|Any CPU.ActiveCfg = Debug|Any CPU
		{E27FDAEC-8A5F-4AF6-8F25-6AB6AC3D5251}.Debug|Any CPU.Build.0 = Debug|Any CPU
		{E27FDAEC-8A5F-4AF6-8F25-6AB6AC3D5251}.Release|Any CPU.ActiveCfg = Release|Any CPU
		{E27FDAEC-8A5F-4AF6-8F25-6AB6AC3D5251}.Release|Any CPU.Build.0 = Release|Any CPU
		{557881F3-96C6-416E-B35D-442DA23D41B8}.Debug|Any CPU.ActiveCfg = Debug|Any CPU
		{557881F3-96C6-416E-B35D-442DA23D41B8}.Debug|Any CPU.Build.0 = Debug|Any CPU
		{557881F3-96C6-416E-B35D-442DA23D41B8}.Release|Any CPU.ActiveCfg = Release|Any CPU
		{557881F3-96C6-416E-B35D-442DA23D41B8}.Release|Any CPU.Build.0 = Release|Any CPU
		{B39AF884-5944-4FCB-91E9-458CA0DD0B81}.Debug|Any CPU.ActiveCfg = Debug|Any CPU
		{B39AF884-5944-4FCB-91E9-458CA0DD0B81}.Debug|Any CPU.Build.0 = Debug|Any CPU
		{B39AF884-5944-4FCB-91E9-458CA0DD0B81}.Release|Any CPU.ActiveCfg = Release|Any CPU
		{B39AF884-5944-4FCB-91E9-458CA0DD0B81}.Release|Any CPU.Build.0 = Release|Any CPU
		{3AF5FF4B-9921-4509-BFE8-66F07D2E8D84}.Debug|Any CPU.ActiveCfg = Debug|Any CPU
		{3AF5FF4B-9921-4509-BFE8-66F07D2E8D84}.Debug|Any CPU.Build.0 = Debug|Any CPU
		{3AF5FF4B-9921-4509-BFE8-66F07D2E8D84}.Release|Any CPU.ActiveCfg = Release|Any CPU
		{3AF5FF4B-9921-4509-BFE8-66F07D2E8D84}.Release|Any CPU.Build.0 = Release|Any CPU
		{0534040D-C60D-48CF-AFB3-C5AD2FA67433}.Debug|Any CPU.ActiveCfg = Debug|Any CPU
		{0534040D-C60D-48CF-AFB3-C5AD2FA67433}.Debug|Any CPU.Build.0 = Debug|Any CPU
		{0534040D-C60D-48CF-AFB3-C5AD2FA67433}.Release|Any CPU.ActiveCfg = Release|Any CPU
		{0534040D-C60D-48CF-AFB3-C5AD2FA67433}.Release|Any CPU.Build.0 = Release|Any CPU
		{02D8A88C-3448-47AF-AEEB-B7802F41D8AF}.Debug|Any CPU.ActiveCfg = Debug|Any CPU
		{02D8A88C-3448-47AF-AEEB-B7802F41D8AF}.Debug|Any CPU.Build.0 = Debug|Any CPU
		{02D8A88C-3448-47AF-AEEB-B7802F41D8AF}.Release|Any CPU.ActiveCfg = Release|Any CPU
		{02D8A88C-3448-47AF-AEEB-B7802F41D8AF}.Release|Any CPU.Build.0 = Release|Any CPU
		{BBAED293-10D3-4D73-8458-48DEA59969B2}.Debug|Any CPU.ActiveCfg = Debug|Any CPU
		{BBAED293-10D3-4D73-8458-48DEA59969B2}.Debug|Any CPU.Build.0 = Debug|Any CPU
		{BBAED293-10D3-4D73-8458-48DEA59969B2}.Release|Any CPU.ActiveCfg = Release|Any CPU
		{BBAED293-10D3-4D73-8458-48DEA59969B2}.Release|Any CPU.Build.0 = Release|Any CPU
		{44BE617D-910F-4FE5-A835-8042F5550D11}.Debug|Any CPU.ActiveCfg = Debug|Any CPU
		{44BE617D-910F-4FE5-A835-8042F5550D11}.Debug|Any CPU.Build.0 = Debug|Any CPU
		{44BE617D-910F-4FE5-A835-8042F5550D11}.Release|Any CPU.ActiveCfg = Release|Any CPU
		{44BE617D-910F-4FE5-A835-8042F5550D11}.Release|Any CPU.Build.0 = Release|Any CPU
		{B6CFF862-946F-4DA9-8126-AB4162FE56FC}.Debug|Any CPU.ActiveCfg = Debug|Any CPU
		{B6CFF862-946F-4DA9-8126-AB4162FE56FC}.Debug|Any CPU.Build.0 = Debug|Any CPU
		{B6CFF862-946F-4DA9-8126-AB4162FE56FC}.Release|Any CPU.ActiveCfg = Release|Any CPU
		{B6CFF862-946F-4DA9-8126-AB4162FE56FC}.Release|Any CPU.Build.0 = Release|Any CPU
		{7ECBF955-282A-451C-8DD5-48DA1A26B4B5}.Debug|Any CPU.ActiveCfg = Debug|Any CPU
		{7ECBF955-282A-451C-8DD5-48DA1A26B4B5}.Debug|Any CPU.Build.0 = Debug|Any CPU
		{7ECBF955-282A-451C-8DD5-48DA1A26B4B5}.Release|Any CPU.ActiveCfg = Release|Any CPU
		{7ECBF955-282A-451C-8DD5-48DA1A26B4B5}.Release|Any CPU.Build.0 = Release|Any CPU
		{F8E00D7C-C5F7-4BC8-948A-6863EC58D7CF}.Debug|Any CPU.ActiveCfg = Debug|Any CPU
		{F8E00D7C-C5F7-4BC8-948A-6863EC58D7CF}.Debug|Any CPU.Build.0 = Debug|Any CPU
		{F8E00D7C-C5F7-4BC8-948A-6863EC58D7CF}.Release|Any CPU.ActiveCfg = Release|Any CPU
		{F8E00D7C-C5F7-4BC8-948A-6863EC58D7CF}.Release|Any CPU.Build.0 = Release|Any CPU
		{2344DF3B-AC48-4BC6-9D02-C524AD23093D}.Debug|Any CPU.ActiveCfg = Debug|Any CPU
		{2344DF3B-AC48-4BC6-9D02-C524AD23093D}.Debug|Any CPU.Build.0 = Debug|Any CPU
		{2344DF3B-AC48-4BC6-9D02-C524AD23093D}.Release|Any CPU.ActiveCfg = Release|Any CPU
		{2344DF3B-AC48-4BC6-9D02-C524AD23093D}.Release|Any CPU.Build.0 = Release|Any CPU
		{C909DA30-4839-4FAD-8E55-66BEEA03EB6C}.Debug|Any CPU.ActiveCfg = Debug|Any CPU
		{C909DA30-4839-4FAD-8E55-66BEEA03EB6C}.Debug|Any CPU.Build.0 = Debug|Any CPU
		{C909DA30-4839-4FAD-8E55-66BEEA03EB6C}.Release|Any CPU.ActiveCfg = Release|Any CPU
		{C909DA30-4839-4FAD-8E55-66BEEA03EB6C}.Release|Any CPU.Build.0 = Release|Any CPU
		{00619507-EC56-4E96-8F48-D1F392BCE743}.Debug|Any CPU.ActiveCfg = Debug|Any CPU
		{00619507-EC56-4E96-8F48-D1F392BCE743}.Debug|Any CPU.Build.0 = Debug|Any CPU
		{00619507-EC56-4E96-8F48-D1F392BCE743}.Release|Any CPU.ActiveCfg = Release|Any CPU
		{00619507-EC56-4E96-8F48-D1F392BCE743}.Release|Any CPU.Build.0 = Release|Any CPU
		{2DB93E7F-B551-41D9-9672-29E33F044410}.Debug|Any CPU.ActiveCfg = Debug|Any CPU
		{2DB93E7F-B551-41D9-9672-29E33F044410}.Debug|Any CPU.Build.0 = Debug|Any CPU
		{2DB93E7F-B551-41D9-9672-29E33F044410}.Release|Any CPU.ActiveCfg = Release|Any CPU
		{2DB93E7F-B551-41D9-9672-29E33F044410}.Release|Any CPU.Build.0 = Release|Any CPU
		{160A34A9-AEA2-4DB7-9E37-AB7AACC99F1F}.Debug|Any CPU.ActiveCfg = Debug|Any CPU
		{160A34A9-AEA2-4DB7-9E37-AB7AACC99F1F}.Debug|Any CPU.Build.0 = Debug|Any CPU
		{160A34A9-AEA2-4DB7-9E37-AB7AACC99F1F}.Release|Any CPU.ActiveCfg = Release|Any CPU
		{160A34A9-AEA2-4DB7-9E37-AB7AACC99F1F}.Release|Any CPU.Build.0 = Release|Any CPU
		{16DE742D-510A-4175-AEE3-FCA8ACDCD136}.Debug|Any CPU.ActiveCfg = Debug|Any CPU
		{16DE742D-510A-4175-AEE3-FCA8ACDCD136}.Debug|Any CPU.Build.0 = Debug|Any CPU
		{16DE742D-510A-4175-AEE3-FCA8ACDCD136}.Release|Any CPU.ActiveCfg = Release|Any CPU
		{16DE742D-510A-4175-AEE3-FCA8ACDCD136}.Release|Any CPU.Build.0 = Release|Any CPU
		{29CBE30F-245F-4D89-88E8-81E6BB74EB2F}.Debug|Any CPU.ActiveCfg = Debug|Any CPU
		{29CBE30F-245F-4D89-88E8-81E6BB74EB2F}.Debug|Any CPU.Build.0 = Debug|Any CPU
		{29CBE30F-245F-4D89-88E8-81E6BB74EB2F}.Release|Any CPU.ActiveCfg = Release|Any CPU
		{29CBE30F-245F-4D89-88E8-81E6BB74EB2F}.Release|Any CPU.Build.0 = Release|Any CPU
		{FA1028CE-4ED9-4E17-A7EB-F09CFE1BDD48}.Debug|Any CPU.ActiveCfg = Debug|Any CPU
		{FA1028CE-4ED9-4E17-A7EB-F09CFE1BDD48}.Debug|Any CPU.Build.0 = Debug|Any CPU
		{FA1028CE-4ED9-4E17-A7EB-F09CFE1BDD48}.Release|Any CPU.ActiveCfg = Release|Any CPU
		{FA1028CE-4ED9-4E17-A7EB-F09CFE1BDD48}.Release|Any CPU.Build.0 = Release|Any CPU
		{8FB62391-F50E-49C8-B876-1E24D795C8EC}.Debug|Any CPU.ActiveCfg = Debug|Any CPU
		{8FB62391-F50E-49C8-B876-1E24D795C8EC}.Debug|Any CPU.Build.0 = Debug|Any CPU
		{8FB62391-F50E-49C8-B876-1E24D795C8EC}.Release|Any CPU.ActiveCfg = Release|Any CPU
		{8FB62391-F50E-49C8-B876-1E24D795C8EC}.Release|Any CPU.Build.0 = Release|Any CPU
		{8C1EA4AB-D167-4B16-B00C-240297CBFE3E}.Debug|Any CPU.ActiveCfg = Debug|Any CPU
		{8C1EA4AB-D167-4B16-B00C-240297CBFE3E}.Debug|Any CPU.Build.0 = Debug|Any CPU
		{8C1EA4AB-D167-4B16-B00C-240297CBFE3E}.Release|Any CPU.ActiveCfg = Release|Any CPU
		{8C1EA4AB-D167-4B16-B00C-240297CBFE3E}.Release|Any CPU.Build.0 = Release|Any CPU
		{DEA39AA6-EF3C-4580-8003-29D3CCD03DF1}.Debug|Any CPU.ActiveCfg = Debug|Any CPU
		{DEA39AA6-EF3C-4580-8003-29D3CCD03DF1}.Debug|Any CPU.Build.0 = Debug|Any CPU
		{DEA39AA6-EF3C-4580-8003-29D3CCD03DF1}.Release|Any CPU.ActiveCfg = Release|Any CPU
		{DEA39AA6-EF3C-4580-8003-29D3CCD03DF1}.Release|Any CPU.Build.0 = Release|Any CPU
		{3258AF60-4129-4EA2-9F21-4A9DDAD5E71E}.Debug|Any CPU.ActiveCfg = Debug|Any CPU
		{3258AF60-4129-4EA2-9F21-4A9DDAD5E71E}.Debug|Any CPU.Build.0 = Debug|Any CPU
		{3258AF60-4129-4EA2-9F21-4A9DDAD5E71E}.Release|Any CPU.ActiveCfg = Release|Any CPU
		{3258AF60-4129-4EA2-9F21-4A9DDAD5E71E}.Release|Any CPU.Build.0 = Release|Any CPU
	EndGlobalSection
	GlobalSection(SolutionProperties) = preSolution
		HideSolutionNode = FALSE
	EndGlobalSection
	GlobalSection(ExtensibilityGlobals) = postSolution
		SolutionGuid = {62060691-8253-413B-951F-9DD3BBAC97F9}
	EndGlobalSection
EndGlobal
